
Microsoft Visual Studio Solution File, Format Version 12.00
# Visual Studio Version 17
VisualStudioVersion = 17.4.33110.190
MinimumVisualStudioVersion = 10.0.40219.1
Project("{FAE04EC0-301F-11D3-BF4B-00C04F79EFBC}") = "Stpldemo", "Stpldemo\Stpldemo.csproj", "{7357C2F8-90A0-4524-944E-C6F0B1004739}"
EndProject
Global
	GlobalSection(SolutionConfigurationPlatforms) = preSolution
		Debug|Any CPU = Debug|Any CPU
		Release|Any CPU = Release|Any CPU
	EndGlobalSection
	GlobalSection(ProjectConfigurationPlatforms) = postSolution
		{7357C2F8-90A0-4524-944E-C6F0B1004739}.Debug|Any CPU.ActiveCfg = Debug|Any CPU
		{7357C2F8-90A0-4524-944E-C6F0B1004739}.Debug|Any CPU.Build.0 = Debug|Any CPU
		{7357C2F8-90A0-4524-944E-C6F0B1004739}.Release|Any CPU.ActiveCfg = Release|Any CPU
		{7357C2F8-90A0-4524-944E-C6F0B1004739}.Release|Any CPU.Build.0 = Release|Any CPU
	EndGlobalSection
	GlobalSection(SolutionProperties) = preSolution
		HideSolutionNode = FALSE
	EndGlobalSection
	GlobalSection(ExtensibilityGlobals) = postSolution
		SolutionGuid = {16633FF9-D428-4E8F-ABE9-D246EB781D16}
	EndGlobalSection
EndGlobal
